
Microsoft Visual Studio Solution File, Format Version 12.00
# Visual Studio Version 17
VisualStudioVersion = 17.3.32929.385
MinimumVisualStudioVersion = 10.0.40219.1
Project("{FAE04EC0-301F-11D3-BF4B-00C04F79EFBC}") = "TestSomeMethod", "TestSomeMethod.csproj", "{FC6C11DC-90E2-4FD0-A20A-29000892EA76}"
EndProject
Global
	GlobalSection(SolutionConfigurationPlatforms) = preSolution
		Debug|Any CPU = Debug|Any CPU
		Release|Any CPU = Release|Any CPU
	EndGlobalSection
	GlobalSection(ProjectConfigurationPlatforms) = postSolution
		{FC6C11DC-90E2-4FD0-A20A-29000892EA76}.Debug|Any CPU.ActiveCfg = Debug|Any CPU
		{FC6C11DC-90E2-4FD0-A20A-29000892EA76}.Debug|Any CPU.Build.0 = Debug|Any CPU
		{FC6C11DC-90E2-4FD0-A20A-29000892EA76}.Release|Any CPU.ActiveCfg = Release|Any CPU
		{FC6C11DC-90E2-4FD0-A20A-29000892EA76}.Release|Any CPU.Build.0 = Release|Any CPU
	EndGlobalSection
	GlobalSection(SolutionProperties) = preSolution
		HideSolutionNode = FALSE
	EndGlobalSection
	GlobalSection(ExtensibilityGlobals) = postSolution
		SolutionGuid = {EA720315-43BF-4BFD-ABE8-C83B253EEB12}
	EndGlobalSection
EndGlobal
